
Microsoft Visual Studio Solution File, Format Version 12.00
# Visual Studio Version 16
VisualStudioVersion = 16.0.31019.194
MinimumVisualStudioVersion = 10.0.40219.1
Project("{9A19103F-16F7-4668-BE54-9A1E7A4F7556}") = "MiTienditaBlazor", "MiTienditaBlazor\MiTienditaBlazor.csproj", "{C4FC0366-1B10-4286-BE1C-85AAD94E1394}"
EndProject
Project("{9A19103F-16F7-4668-BE54-9A1E7A4F7556}") = "MiTiendita", "MVC\MiTiendita\MiTiendita.csproj", "{0D597139-883C-47C0-BDD9-167E8B5A94BC}"
EndProject
Project("{FAE04EC0-301F-11D3-BF4B-00C04F79EFBC}") = "MiPrimeraLibreria", "MiPrimeraLibrería\MiPrimeraLibreria.csproj", "{974A9DA9-AA6E-4425-8EC0-F4138733DF4D}"
EndProject
Global
	GlobalSection(SolutionConfigurationPlatforms) = preSolution
		Debug|Any CPU = Debug|Any CPU
		Release|Any CPU = Release|Any CPU
	EndGlobalSection
	GlobalSection(ProjectConfigurationPlatforms) = postSolution
		{C4FC0366-1B10-4286-BE1C-85AAD94E1394}.Debug|Any CPU.ActiveCfg = Debug|Any CPU
		{C4FC0366-1B10-4286-BE1C-85AAD94E1394}.Debug|Any CPU.Build.0 = Debug|Any CPU
		{C4FC0366-1B10-4286-BE1C-85AAD94E1394}.Release|Any CPU.ActiveCfg = Release|Any CPU
		{C4FC0366-1B10-4286-BE1C-85AAD94E1394}.Release|Any CPU.Build.0 = Release|Any CPU
		{0D597139-883C-47C0-BDD9-167E8B5A94BC}.Debug|Any CPU.ActiveCfg = Debug|Any CPU
		{0D597139-883C-47C0-BDD9-167E8B5A94BC}.Debug|Any CPU.Build.0 = Debug|Any CPU
		{0D597139-883C-47C0-BDD9-167E8B5A94BC}.Release|Any CPU.ActiveCfg = Release|Any CPU
		{0D597139-883C-47C0-BDD9-167E8B5A94BC}.Release|Any CPU.Build.0 = Release|Any CPU
		{974A9DA9-AA6E-4425-8EC0-F4138733DF4D}.Debug|Any CPU.ActiveCfg = Debug|Any CPU
		{974A9DA9-AA6E-4425-8EC0-F4138733DF4D}.Debug|Any CPU.Build.0 = Debug|Any CPU
		{974A9DA9-AA6E-4425-8EC0-F4138733DF4D}.Release|Any CPU.ActiveCfg = Release|Any CPU
		{974A9DA9-AA6E-4425-8EC0-F4138733DF4D}.Release|Any CPU.Build.0 = Release|Any CPU
	EndGlobalSection
	GlobalSection(SolutionProperties) = preSolution
		HideSolutionNode = FALSE
	EndGlobalSection
	GlobalSection(ExtensibilityGlobals) = postSolution
		SolutionGuid = {9D2D368A-37D9-4BEF-9CA5-78DBBFB028AC}
	EndGlobalSection
EndGlobal
