
Microsoft Visual Studio Solution File, Format Version 12.00
# Visual Studio Version 16
VisualStudioVersion = 16.0.31019.194
MinimumVisualStudioVersion = 10.0.40219.1
Project("{9A19103F-16F7-4668-BE54-9A1E7A4F7556}") = "MiTiendita", "MiTiendita.csproj", "{D1599CE3-4D88-4042-B222-8333F1D37579}"
EndProject
Global
	GlobalSection(SolutionConfigurationPlatforms) = preSolution
		Debug|Any CPU = Debug|Any CPU
		Release|Any CPU = Release|Any CPU
	EndGlobalSection
	GlobalSection(ProjectConfigurationPlatforms) = postSolution
		{D1599CE3-4D88-4042-B222-8333F1D37579}.Debug|Any CPU.ActiveCfg = Debug|Any CPU
		{D1599CE3-4D88-4042-B222-8333F1D37579}.Debug|Any CPU.Build.0 = Debug|Any CPU
		{D1599CE3-4D88-4042-B222-8333F1D37579}.Release|Any CPU.ActiveCfg = Release|Any CPU
		{D1599CE3-4D88-4042-B222-8333F1D37579}.Release|Any CPU.Build.0 = Release|Any CPU
	EndGlobalSection
	GlobalSection(SolutionProperties) = preSolution
		HideSolutionNode = FALSE
	EndGlobalSection
	GlobalSection(ExtensibilityGlobals) = postSolution
		SolutionGuid = {7784D772-23C9-4582-89DC-31D226548209}
	EndGlobalSection
EndGlobal
